// !$*UTF8*$!
{
	archiveVersion = 1;
	classes = {
	};
	objectVersion = 56;
	objects = {

/* Begin PBXBuildFile section */
		D9282E5A2BD9290200A8FFBC /* AppDelegate.m in Sources */ = {isa = PBXBuildFile; fileRef = D9282E592BD9290200A8FFBC /* AppDelegate.m */; };
		D9282E5D2BD9290200A8FFBC /* SceneDelegate.m in Sources */ = {isa = PBXBuildFile; fileRef = D9282E5C2BD9290200A8FFBC /* SceneDelegate.m */; };
		D9282E602BD9290200A8FFBC /* ViewController.m in Sources */ = {isa = PBXBuildFile; fileRef = D9282E5F2BD9290200A8FFBC /* ViewController.m */; };
		D9282E632BD9290200A8FFBC /* Main.storyboard in Resources */ = {isa = PBXBuildFile; fileRef = D9282E612BD9290200A8FFBC /* Main.storyboard */; };
		D9282E652BD9290400A8FFBC /* Assets.xcassets in Resources */ = {isa = PBXBuildFile; fileRef = D9282E642BD9290400A8FFBC /* Assets.xcassets */; };
		D9282E682BD9290400A8FFBC /* LaunchScreen.storyboard in Resources */ = {isa = PBXBuildFile; fileRef = D9282E662BD9290400A8FFBC /* LaunchScreen.storyboard */; };
		D9282E6B2BD9290400A8FFBC /* main.m in Sources */ = {isa = PBXBuildFile; fileRef = D9282E6A2BD9290400A8FFBC /* main.m */; };
		D9282E762BD9291E00A8FFBC /* GCDAsyncUdpSocket.m in Sources */ = {isa = PBXBuildFile; fileRef = D9282E722BD9291E00A8FFBC /* GCDAsyncUdpSocket.m */; };
		D9282E772BD9291E00A8FFBC /* GCDAsyncSocket.m in Sources */ = {isa = PBXBuildFile; fileRef = D9282E732BD9291E00A8FFBC /* GCDAsyncSocket.m */; };
/* End PBXBuildFile section */

/* Begin PBXFileReference section */
		D9282E552BD9290200A8FFBC /* LogTest.app */ = {isa = PBXFileReference; explicitFileType = wrapper.application; includeInIndex = 0; path = LogTest.app; sourceTree = BUILT_PRODUCTS_DIR; };
		D9282E582BD9290200A8FFBC /* AppDelegate.h */ = {isa = PBXFileReference; lastKnownFileType = sourcecode.c.h; path = AppDelegate.h; sourceTree = "<group>"; };
		D9282E592BD9290200A8FFBC /* AppDelegate.m */ = {isa = PBXFileReference; lastKnownFileType = sourcecode.c.objc; path = AppDelegate.m; sourceTree = "<group>"; };
		D9282E5B2BD9290200A8FFBC /* SceneDelegate.h */ = {isa = PBXFileReference; lastKnownFileType = sourcecode.c.h; path = SceneDelegate.h; sourceTree = "<group>"; };
		D9282E5C2BD9290200A8FFBC /* SceneDelegate.m */ = {isa = PBXFileReference; lastKnownFileType = sourcecode.c.objc; path = SceneDelegate.m; sourceTree = "<group>"; };
		D9282E5E2BD9290200A8FFBC /* ViewController.h */ = {isa = PBXFileReference; lastKnownFileType = sourcecode.c.h; path = ViewController.h; sourceTree = "<group>"; };
		D9282E5F2BD9290200A8FFBC /* ViewController.m */ = {isa = PBXFileReference; lastKnownFileType = sourcecode.c.objc; path = ViewController.m; sourceTree = "<group>"; };
		D9282E622BD9290200A8FFBC /* Base */ = {isa = PBXFileReference; lastKnownFileType = file.storyboard; name = Base; path = Base.lproj/Main.storyboard; sourceTree = "<group>"; };
		D9282E642BD9290400A8FFBC /* Assets.xcassets */ = {isa = PBXFileReference; lastKnownFileType = folder.assetcatalog; path = Assets.xcassets; sourceTree = "<group>"; };
		D9282E672BD9290400A8FFBC /* Base */ = {isa = PBXFileReference; lastKnownFileType = file.storyboard; name = Base; path = Base.lproj/LaunchScreen.storyboard; sourceTree = "<group>"; };
		D9282E692BD9290400A8FFBC /* Info.plist */ = {isa = PBXFileReference; lastKnownFileType = text.plist.xml; path = Info.plist; sourceTree = "<group>"; };
		D9282E6A2BD9290400A8FFBC /* main.m */ = {isa = PBXFileReference; lastKnownFileType = sourcecode.c.objc; path = main.m; sourceTree = "<group>"; };
		D9282E722BD9291E00A8FFBC /* GCDAsyncUdpSocket.m */ = {isa = PBXFileReference; fileEncoding = 4; lastKnownFileType = sourcecode.c.objc; path = GCDAsyncUdpSocket.m; sourceTree = "<group>"; };
		D9282E732BD9291E00A8FFBC /* GCDAsyncSocket.m */ = {isa = PBXFileReference; fileEncoding = 4; lastKnownFileType = sourcecode.c.objc; path = GCDAsyncSocket.m; sourceTree = "<group>"; };
		D9282E742BD9291E00A8FFBC /* GCDAsyncUdpSocket.h */ = {isa = PBXFileReference; fileEncoding = 4; lastKnownFileType = sourcecode.c.h; path = GCDAsyncUdpSocket.h; sourceTree = "<group>"; };
		D9282E752BD9291E00A8FFBC /* GCDAsyncSocket.h */ = {isa = PBXFileReference; fileEncoding = 4; lastKnownFileType = sourcecode.c.h; path = GCDAsyncSocket.h; sourceTree = "<group>"; };
/* End PBXFileReference section */

/* Begin PBXFrameworksBuildPhase section */
		D9282E522BD9290200A8FFBC /* Frameworks */ = {
			isa = PBXFrameworksBuildPhase;
			buildActionMask = 2147483647;
			files = (
			);
			runOnlyForDeploymentPostprocessing = 0;
		};
/* End PBXFrameworksBuildPhase section */

/* Begin PBXGroup section */
		D9282E4C2BD9290200A8FFBC = {
			isa = PBXGroup;
			children = (
				D9282E572BD9290200A8FFBC /* LogTest */,
				D9282E562BD9290200A8FFBC /* Products */,
			);
			sourceTree = "<group>";
		};
		D9282E562BD9290200A8FFBC /* Products */ = {
			isa = PBXGroup;
			children = (
				D9282E552BD9290200A8FFBC /* LogTest.app */,
			);
			name = Products;
			sourceTree = "<group>";
		};
		D9282E572BD9290200A8FFBC /* LogTest */ = {
			isa = PBXGroup;
			children = (
				D9282E712BD9291E00A8FFBC /* CocoaAsyncSocket */,
				D9282E582BD9290200A8FFBC /* AppDelegate.h */,
				D9282E592BD9290200A8FFBC /* AppDelegate.m */,
				D9282E5B2BD9290200A8FFBC /* SceneDelegate.h */,
				D9282E5C2BD9290200A8FFBC /* SceneDelegate.m */,
				D9282E5E2BD9290200A8FFBC /* ViewController.h */,
				D9282E5F2BD9290200A8FFBC /* ViewController.m */,
				D9282E612BD9290200A8FFBC /* Main.storyboard */,
				D9282E642BD9290400A8FFBC /* Assets.xcassets */,
				D9282E662BD9290400A8FFBC /* LaunchScreen.storyboard */,
				D9282E692BD9290400A8FFBC /* Info.plist */,
				D9282E6A2BD9290400A8FFBC /* main.m */,
			);
			path = LogTest;
			sourceTree = "<group>";
		};
		D9282E712BD9291E00A8FFBC /* CocoaAsyncSocket */ = {
			isa = PBXGroup;
			children = (
				D9282E722BD9291E00A8FFBC /* GCDAsyncUdpSocket.m */,
				D9282E732BD9291E00A8FFBC /* GCDAsyncSocket.m */,
				D9282E742BD9291E00A8FFBC /* GCDAsyncUdpSocket.h */,
				D9282E752BD9291E00A8FFBC /* GCDAsyncSocket.h */,
			);
			path = CocoaAsyncSocket;
			sourceTree = "<group>";
		};
/* End PBXGroup section */

/* Begin PBXNativeTarget section */
		D9282E542BD9290200A8FFBC /* LogTest */ = {
			isa = PBXNativeTarget;
			buildConfigurationList = D9282E6E2BD9290400A8FFBC /* Build configuration list for PBXNativeTarget "LogTest" */;
			buildPhases = (
				D9282E512BD9290200A8FFBC /* Sources */,
				D9282E522BD9290200A8FFBC /* Frameworks */,
				D9282E532BD9290200A8FFBC /* Resources */,
			);
			buildRules = (
			);
			dependencies = (
			);
			name = LogTest;
			productName = LogTest;
			productReference = D9282E552BD9290200A8FFBC /* LogTest.app */;
			productType = "com.apple.product-type.application";
		};
/* End PBXNativeTarget section */

/* Begin PBXProject section */
		D9282E4D2BD9290200A8FFBC /* Project object */ = {
			isa = PBXProject;
			attributes = {
				BuildIndependentTargetsInParallel = 1;
				LastUpgradeCheck = 1520;
				TargetAttributes = {
					D9282E542BD9290200A8FFBC = {
						CreatedOnToolsVersion = 15.2;
					};
				};
			};
			buildConfigurationList = D9282E502BD9290200A8FFBC /* Build configuration list for PBXProject "LogTest" */;
			compatibilityVersion = "Xcode 14.0";
			developmentRegion = en;
			hasScannedForEncodings = 0;
			knownRegions = (
				en,
				Base,
			);
			mainGroup = D9282E4C2BD9290200A8FFBC;
			productRefGroup = D9282E562BD9290200A8FFBC /* Products */;
			projectDirPath = "";
			projectRoot = "";
			targets = (
				D9282E542BD9290200A8FFBC /* LogTest */,
			);
		};
/* End PBXProject section */

/* Begin PBXResourcesBuildPhase section */
		D9282E532BD9290200A8FFBC /* Resources */ = {
			isa = PBXResourcesBuildPhase;
			buildActionMask = 2147483647;
			files = (
				D9282E682BD9290400A8FFBC /* LaunchScreen.storyboard in Resources */,
				D9282E652BD9290400A8FFBC /* Assets.xcassets in Resources */,
				D9282E632BD9290200A8FFBC /* Main.storyboard in Resources */,
			);
			runOnlyForDeploymentPostprocessing = 0;
		};
/* End PBXResourcesBuildPhase section */

/* Begin PBXSourcesBuildPhase section */
		D9282E512BD9290200A8FFBC /* Sources */ = {
			isa = PBXSourcesBuildPhase;
			buildActionMask = 2147483647;
			files = (
				D9282E772BD9291E00A8FFBC /* GCDAsyncSocket.m in Sources */,
				D9282E602BD9290200A8FFBC /* ViewController.m in Sources */,
				D9282E762BD9291E00A8FFBC /* GCDAsyncUdpSocket.m in Sources */,
				D9282E5A2BD9290200A8FFBC /* AppDelegate.m in Sources */,
				D9282E6B2BD9290400A8FFBC /* main.m in Sources */,
				D9282E5D2BD9290200A8FFBC /* SceneDelegate.m in Sources */,
			);
			runOnlyForDeploymentPostprocessing = 0;
		};
/* End PBXSourcesBuildPhase section */

/* Begin PBXVariantGroup section */
		D9282E612BD9290200A8FFBC /* Main.storyboard */ = {
			isa = PBXVariantGroup;
			children = (
				D9282E622BD9290200A8FFBC /* Base */,
			);
			name = Main.storyboard;
			sourceTree = "<group>";
		};
		D9282E662BD9290400A8FFBC /* LaunchScreen.storyboard */ = {
			isa = PBXVariantGroup;
			children = (
				D9282E672BD9290400A8FFBC /* Base */,
			);
			name = LaunchScreen.storyboard;
			sourceTree = "<group>";
		};
/* End PBXVariantGroup section */

/* Begin XCBuildConfiguration section */
		D9282E6C2BD9290400A8FFBC /* Debug */ = {
			isa = XCBuildConfiguration;
			buildSettings = {
				ALWAYS_SEARCH_USER_PATHS = NO;
				ASSETCATALOG_COMPILER_GENERATE_SWIFT_ASSET_SYMBOL_EXTENSIONS = YES;
				CLANG_ANALYZER_NONNULL = YES;
				CLANG_ANALYZER_NUMBER_OBJECT_CONVERSION = YES_AGGRESSIVE;
				CLANG_CXX_LANGUAGE_STANDARD = "gnu++20";
				CLANG_ENABLE_MODULES = YES;
				CLANG_ENABLE_OBJC_ARC = YES;
				CLANG_ENABLE_OBJC_WEAK = YES;
				CLANG_WARN_BLOCK_CAPTURE_AUTORELEASING = YES;
				CLANG_WARN_BOOL_CONVERSION = YES;
				CLANG_WARN_COMMA = YES;
				CLANG_WARN_CONSTANT_CONVERSION = YES;
				CLANG_WARN_DEPRECATED_OBJC_IMPLEMENTATIONS = YES;
				CLANG_WARN_DIRECT_OBJC_ISA_USAGE = YES_ERROR;
				CLANG_WARN_DOCUMENTATION_COMMENTS = YES;
				CLANG_WARN_EMPTY_BODY = YES;
				CLANG_WARN_ENUM_CONVERSION = YES;
				CLANG_WARN_INFINITE_RECURSION = YES;
				CLANG_WARN_INT_CONVERSION = YES;
				CLANG_WARN_NON_LITERAL_NULL_CONVERSION = YES;
				CLANG_WARN_OBJC_IMPLICIT_RETAIN_SELF = YES;
				CLANG_WARN_OBJC_LITERAL_CONVERSION = YES;
				CLANG_WARN_OBJC_ROOT_CLASS = YES_ERROR;
				CLANG_WARN_QUOTED_INCLUDE_IN_FRAMEWORK_HEADER = YES;
				CLANG_WARN_RANGE_LOOP_ANALYSIS = YES;
				CLANG_WARN_STRICT_PROTOTYPES = YES;
				CLANG_WARN_SUSPICIOUS_MOVE = YES;
				CLANG_WARN_UNGUARDED_AVAILABILITY = YES_AGGRESSIVE;
				CLANG_WARN_UNREACHABLE_CODE = YES;
				CLANG_WARN__DUPLICATE_METHOD_MATCH = YES;
				COPY_PHASE_STRIP = NO;
				DEBUG_INFORMATION_FORMAT = dwarf;
				ENABLE_STRICT_OBJC_MSGSEND = YES;
				ENABLE_TESTABILITY = YES;
				ENABLE_USER_SCRIPT_SANDBOXING = YES;
				GCC_C_LANGUAGE_STANDARD = gnu17;
				GCC_DYNAMIC_NO_PIC = NO;
				GCC_NO_COMMON_BLOCKS = YES;
				GCC_OPTIMIZATION_LEVEL = 0;
				GCC_PREPROCESSOR_DEFINITIONS = (
					"DEBUG=1",
					"$(inherited)",
				);
				GCC_WARN_64_TO_32_BIT_CONVERSION = YES;
				GCC_WARN_ABOUT_RETURN_TYPE = YES_ERROR;
				GCC_WARN_UNDECLARED_SELECTOR = YES;
				GCC_WARN_UNINITIALIZED_AUTOS = YES_AGGRESSIVE;
				GCC_WARN_UNUSED_FUNCTION = YES;
				GCC_WARN_UNUSED_VARIABLE = YES;
				IPHONEOS_DEPLOYMENT_TARGET = 17.2;
				LOCALIZATION_PREFERS_STRING_CATALOGS = YES;
				MTL_ENABLE_DEBUG_INFO = INCLUDE_SOURCE;
				MTL_FAST_MATH = YES;
				ONLY_ACTIVE_ARCH = YES;
				SDKROOT = iphoneos;
			};
			name = Debug;
		};
		D9282E6D2BD9290400A8FFBC /* Release */ = {
			isa = XCBuildConfiguration;
			buildSettings = {
				ALWAYS_SEARCH_USER_PATHS = NO;
				ASSETCATALOG_COMPILER_GENERATE_SWIFT_ASSET_SYMBOL_EXTENSIONS = YES;
				CLANG_ANALYZER_NONNULL = YES;
				CLANG_ANALYZER_NUMBER_OBJECT_CONVERSION = YES_AGGRESSIVE;
				CLANG_CXX_LANGUAGE_STANDARD = "gnu++20";
				CLANG_ENABLE_MODULES = YES;
				CLANG_ENABLE_OBJC_ARC = YES;
				CLANG_ENABLE_OBJC_WEAK = YES;
				CLANG_WARN_BLOCK_CAPTURE_AUTORELEASING = YES;
				CLANG_WARN_BOOL_CONVERSION = YES;
				CLANG_WARN_COMMA = YES;
				CLANG_WARN_CONSTANT_CONVERSION = YES;
				CLANG_WARN_DEPRECATED_OBJC_IMPLEMENTATIONS = YES;
				CLANG_WARN_DIRECT_OBJC_ISA_USAGE = YES_ERROR;
				CLANG_WARN_DOCUMENTATION_COMMENTS = YES;
				CLANG_WARN_EMPTY_BODY = YES;
				CLANG_WARN_ENUM_CONVERSION = YES;
				CLANG_WARN_INFINITE_RECURSION = YES;
				CLANG_WARN_INT_CONVERSION = YES;
				CLANG_WARN_NON_LITERAL_NULL_CONVERSION = YES;
				CLANG_WARN_OBJC_IMPLICIT_RETAIN_SELF = YES;
				CLANG_WARN_OBJC_LITERAL_CONVERSION = YES;
				CLANG_WARN_OBJC_ROOT_CLASS = YES_ERROR;
				CLANG_WARN_QUOTED_INCLUDE_IN_FRAMEWORK_HEADER = YES;
				CLANG_WARN_RANGE_LOOP_ANALYSIS = YES;
				CLANG_WARN_STRICT_PROTOTYPES = YES;
				CLANG_WARN_SUSPICIOUS_MOVE = YES;
				CLANG_WARN_UNGUARDED_AVAILABILITY = YES_AGGRESSIVE;
				CLANG_WARN_UNREACHABLE_CODE = YES;
				CLANG_WARN__DUPLICATE_METHOD_MATCH = YES;
				COPY_PHASE_STRIP = NO;
				DEBUG_INFORMATION_FORMAT = "dwarf-with-dsym";
				ENABLE_NS_ASSERTIONS = NO;
				ENABLE_STRICT_OBJC_MSGSEND = YES;
				ENABLE_USER_SCRIPT_SANDBOXING = YES;
				GCC_C_LANGUAGE_STANDARD = gnu17;
				GCC_NO_COMMON_BLOCKS = YES;
				GCC_WARN_64_TO_32_BIT_CONVERSION = YES;
				GCC_WARN_ABOUT_RETURN_TYPE = YES_ERROR;
				GCC_WARN_UNDECLARED_SELECTOR = YES;
				GCC_WARN_UNINITIALIZED_AUTOS = YES_AGGRESSIVE;
				GCC_WARN_UNUSED_FUNCTION = YES;
				GCC_WARN_UNUSED_VARIABLE = YES;
				IPHONEOS_DEPLOYMENT_TARGET = 17.2;
				LOCALIZATION_PREFERS_STRING_CATALOGS = YES;
				MTL_ENABLE_DEBUG_INFO = NO;
				MTL_FAST_MATH = YES;
				SDKROOT = iphoneos;
				VALIDATE_PRODUCT = YES;
			};
			name = Release;
		};
		D9282E6F2BD9290400A8FFBC /* Debug */ = {
			isa = XCBuildConfiguration;
			buildSettings = {
				ASSETCATALOG_COMPILER_APPICON_NAME = AppIcon;
				ASSETCATALOG_COMPILER_GLOBAL_ACCENT_COLOR_NAME = AccentColor;
				CODE_SIGN_STYLE = Automatic;
				CURRENT_PROJECT_VERSION = 1;
				DEVELOPMENT_TEAM = 93TQH7VSQ9;
				GENERATE_INFOPLIST_FILE = YES;
				INFOPLIST_FILE = LogTest/Info.plist;
				INFOPLIST_KEY_UIApplicationSupportsIndirectInputEvents = YES;
				INFOPLIST_KEY_UILaunchStoryboardName = LaunchScreen;
				INFOPLIST_KEY_UIMainStoryboardFile = Main;
				INFOPLIST_KEY_UISupportedInterfaceOrientations_iPad = "UIInterfaceOrientationPortrait UIInterfaceOrientationPortraitUpsideDown UIInterfaceOrientationLandscapeLeft UIInterfaceOrientationLandscapeRight";
				INFOPLIST_KEY_UISupportedInterfaceOrientations_iPhone = "UIInterfaceOrientationPortrait UIInterfaceOrientationLandscapeLeft UIInterfaceOrientationLandscapeRight";
				IPHONEOS_DEPLOYMENT_TARGET = 13.0;
				LD_RUNPATH_SEARCH_PATHS = (
					"$(inherited)",
					"@executable_path/Frameworks",
				);
				MARKETING_VERSION = 1.0;
				PRODUCT_BUNDLE_IDENTIFIER = com.zg.LogTest;
				PRODUCT_NAME = "$(TARGET_NAME)";
				SWIFT_EMIT_LOC_STRINGS = YES;
				TARGETED_DEVICE_FAMILY = "1,2";
			};
			name = Debug;
		};
		D9282E702BD9290400A8FFBC /* Release */ = {
			isa = XCBuildConfiguration;
			buildSettings = {
				ASSETCATALOG_COMPILER_APPICON_NAME = AppIcon;
				ASSETCATALOG_COMPILER_GLOBAL_ACCENT_COLOR_NAME = AccentColor;
				CODE_SIGN_STYLE = Automatic;
				CURRENT_PROJECT_VERSION = 1;
				DEVELOPMENT_TEAM = 93TQH7VSQ9;
				GENERATE_INFOPLIST_FILE = YES;
				INFOPLIST_FILE = LogTest/Info.plist;
				INFOPLIST_KEY_UIApplicationSupportsIndirectInputEvents = YES;
				INFOPLIST_KEY_UILaunchStoryboardName = LaunchScreen;
				INFOPLIST_KEY_UIMainStoryboardFile = Main;
				INFOPLIST_KEY_UISupportedInterfaceOrientations_iPad = "UIInterfaceOrientationPortrait UIInterfaceOrientationPortraitUpsideDown UIInterfaceOrientationLandscapeLeft UIInterfaceOrientationLandscapeRight";
				INFOPLIST_KEY_UISupportedInterfaceOrientations_iPhone = "UIInterfaceOrientationPortrait UIInterfaceOrientationLandscapeLeft UIInterfaceOrientationLandscapeRight";
				IPHONEOS_DEPLOYMENT_TARGET = 13.0;
				LD_RUNPATH_SEARCH_PATHS = (
					"$(inherited)",
					"@executable_path/Frameworks",
				);
				MARKETING_VERSION = 1.0;
				PRODUCT_BUNDLE_IDENTIFIER = com.zg.LogTest;
				PRODUCT_NAME = "$(TARGET_NAME)";
				SWIFT_EMIT_LOC_STRINGS = YES;
				TARGETED_DEVICE_FAMILY = "1,2";
			};
			name = Release;
		};
/* End XCBuildConfiguration section */

/* Begin XCConfigurationList section */
		D9282E502BD9290200A8FFBC /* Build configuration list for PBXProject "LogTest" */ = {
			isa = XCConfigurationList;
			buildConfigurations = (
				D9282E6C2BD9290400A8FFBC /* Debug */,
				D9282E6D2BD9290400A8FFBC /* Release */,
			);
			defaultConfigurationIsVisible = 0;
			defaultConfigurationName = Release;
		};
		D9282E6E2BD9290400A8FFBC /* Build configuration list for PBXNativeTarget "LogTest" */ = {
			isa = XCConfigurationList;
			buildConfigurations = (
				D9282E6F2BD9290400A8FFBC /* Debug */,
				D9282E702BD9290400A8FFBC /* Release */,
			);
			defaultConfigurationIsVisible = 0;
			defaultConfigurationName = Release;
		};
/* End XCConfigurationList section */
	};
	rootObject = D9282E4D2BD9290200A8FFBC /* Project object */;
}
